{
  "version": 4,
  "terraform_version": "1.1.3",
  "serial": 3,
  "lineage": "19a4ad15-fbaf-f879-1371-ea45f5319d87",
  "outputs": {},
  "resources": [
    {
      "mode": "managed",
      "type": "azurerm_resource_group",
      "name": "sampleResourceGroup",
      "provider": "provider[\"registry.terraform.io/hashicorp/azurerm\"]",
      "instances": [
        {
          "schema_version": 0,
          "attributes": {
            "id": "/subscriptions/a2611720-e2e6-4384-92b4-eb4f40f9c93e/resourceGroups/myFirstTerraformGroup",
            "location": "eastus",
            "name": "myFirstTerraformGroup",
            "tags": {
              "environment": "test"
            },
            "timeouts": null
          },
          "sensitive_attributes": [],
          "private": "eyJlMmJmYjczMC1lY2FhLTExZTYtOGY4OC0zNDM2M2JjN2M0YzAiOnsiY3JlYXRlIjo1NDAwMDAwMDAwMDAwLCJkZWxldGUiOjU0MDAwMDAwMDAwMDAsInJlYWQiOjMwMDAwMDAwMDAwMCwidXBkYXRlIjo1NDAwMDAwMDAwMDAwfX0="
        }
      ]
    }
  ]
}
